
Microsoft Visual Studio Solution File, Format Version 12.00
# Visual Studio Version 16
VisualStudioVersion = 16.0.30225.117
MinimumVisualStudioVersion = 10.0.40219.1
Project("{FAE04EC0-301F-11D3-BF4B-00C04F79EFBC}") = "Lab06-Zoo.cs", "Lab06-Zoo.cs\Lab06-Zoo.cs.csproj", "{D01A172A-E834-4284-8FFC-D8B27C7E96DC}"
EndProject
Global
	GlobalSection(SolutionConfigurationPlatforms) = preSolution
		Debug|Any CPU = Debug|Any CPU
		Release|Any CPU = Release|Any CPU
	EndGlobalSection
	GlobalSection(ProjectConfigurationPlatforms) = postSolution
		{D01A172A-E834-4284-8FFC-D8B27C7E96DC}.Debug|Any CPU.ActiveCfg = Debug|Any CPU
		{D01A172A-E834-4284-8FFC-D8B27C7E96DC}.Debug|Any CPU.Build.0 = Debug|Any CPU
		{D01A172A-E834-4284-8FFC-D8B27C7E96DC}.Release|Any CPU.ActiveCfg = Release|Any CPU
		{D01A172A-E834-4284-8FFC-D8B27C7E96DC}.Release|Any CPU.Build.0 = Release|Any CPU
	EndGlobalSection
	GlobalSection(SolutionProperties) = preSolution
		HideSolutionNode = FALSE
	EndGlobalSection
	GlobalSection(ExtensibilityGlobals) = postSolution
		SolutionGuid = {00FFC7CA-D655-4BB9-B7C0-A482FA0B3E51}
	EndGlobalSection
EndGlobal
